<?xml version="1.0" encoding="utf-8"?>
<Project ToolsVersion="4.0" xmlns="http://schemas.microsoft.com/developer/msbuild/2003">
  <ItemGroup>
    <Filter Include="Source Files">
      <UniqueIdentifier>{4FC737F1-C7A5-4376-A066-2A32D752A2FF}</UniqueIdentifier>
      <Extensions>cpp;c;cc;cxx;def;odl;idl;hpj;bat;asm;asmx</Extensions>
    </Filter>
    <Filter Include="Header Files">
      <UniqueIdentifier>{93995380-89BD-4b04-88EB-625FBE52EBFB}</UniqueIdentifier>
      <Extensions>h;hh;hpp;hxx;hm;inl;inc;xsd</Extensions>
    </Filter>
    <Filter Include="Resource Files">
      <UniqueIdentifier>{67DA6AB6-F800-4c08-8B7A-83BB121AAD01}</UniqueIdentifier>
      <Extensions>rc;ico;cur;bmp;dlg;rc2;rct;bin;rgs;gif;jpg;jpeg;jpe;resx;tiff;tif;png;wav;mfcribbon-ms</Extensions>
    </Filter>
    <Filter Include="Header Files\Systems">
      <UniqueIdentifier>{f2cff9b4-a489-456b-84ba-936b262c599a}</UniqueIdentifier>
    </Filter>
    <Filter Include="Source Files\Systems">
      <UniqueIdentifier>{9983bd2b-8ee3-4374-b4d0-21b7766c203a}</UniqueIdentifier>
    </Filter>
    <Filter Include="Shaders">
      <UniqueIdentifier>{a0f4bbaa-8ef6-4a8b-9c89-961e7d2fac4c}</UniqueIdentifier>
    </Filter>
    <Filter Include="Source Files\Scenes">
      <UniqueIdentifier>{c94b3284-1a67-4caf-9857-e04664eb63b0}</UniqueIdentifier>
    </Filter>
  </ItemGroup>
  <ItemGroup>
    <ClInclude Include="stdafx.h">
      <Filter>Header Files</Filter>
    </ClInclude>
    <ClInclude Include="targetver.h">
      <Filter>Header Files</Filter>
    </ClInclude>
    <ClInclude Include="MainMenu.h">
      <Filter>Header Files</Filter>
    </ClInclude>
    <ClInclude Include="ShipDesigner.h">
      <Filter>Header Files</Filter>
    </ClInclude>
    <ClInclude Include="ShipBlueprint.h">
      <Filter>Header Files</Filter>
    </ClInclude>
    <ClInclude Include="TextureSet.h">
      <Filter>Header Files</Filter>
    </ClInclude>
    <ClInclude Include="SystemBlueprintData.h">
      <Filter>Header Files</Filter>
    </ClInclude>
    <ClInclude Include="SystemRegistry.h">
      <Filter>Header Files</Filter>
    </ClInclude>
    <ClInclude Include="GenericSystem.h">
      <Filter>Header Files\Systems</Filter>
    </ClInclude>
    <ClInclude Include="RotatableSystem.h">
      <Filter>Header Files\Systems</Filter>
    </ClInclude>
    <ClInclude Include="ShipSystem.h">
      <Filter>Header Files\Systems</Filter>
    </ClInclude>
    <ClInclude Include="VariableSizeSystem.h">
      <Filter>Header Files\Systems</Filter>
    </ClInclude>
    <ClInclude Include="ShipWeapon.h">
      <Filter>Header Files</Filter>
    </ClInclude>
    <ClInclude Include="CannonTurret.h">
      <Filter>Header Files\Systems</Filter>
    </ClInclude>
    <ClInclude Include="CargoHold.h">
      <Filter>Header Files\Systems</Filter>
    </ClInclude>
  </ItemGroup>
  <ItemGroup>
    <ClCompile Include="stdafx.cpp">
      <Filter>Source Files</Filter>
    </ClCompile>
    <ClCompile Include="Shipyard.cpp">
      <Filter>Source Files</Filter>
    </ClCompile>
    <ClCompile Include="ShipBlueprint.cpp">
      <Filter>Source Files</Filter>
    </ClCompile>
    <ClCompile Include="SystemRegistry.cpp">
      <Filter>Source Files</Filter>
    </ClCompile>
    <ClCompile Include="GenericSystem.cpp">
      <Filter>Source Files\Systems</Filter>
    </ClCompile>
    <ClCompile Include="RotatableSystem.cpp">
      <Filter>Source Files\Systems</Filter>
    </ClCompile>
    <ClCompile Include="ShipSystem.cpp">
      <Filter>Source Files\Systems</Filter>
    </ClCompile>
    <ClCompile Include="VariableSizeSystem.cpp">
      <Filter>Source Files\Systems</Filter>
    </ClCompile>
    <ClCompile Include="ShipWeapon.cpp">
      <Filter>Source Files</Filter>
    </ClCompile>
    <ClCompile Include="CannonTurret.cpp">
      <Filter>Source Files\Systems</Filter>
    </ClCompile>
    <ClCompile Include="CargoHold.cpp">
      <Filter>Source Files\Systems</Filter>
    </ClCompile>
    <ClCompile Include="MainMenu.cpp">
      <Filter>Source Files\Scenes</Filter>
    </ClCompile>
    <ClCompile Include="ShipDesigner.cpp">
      <Filter>Source Files\Scenes</Filter>
    </ClCompile>
  </ItemGroup>
  <ItemGroup>
    <None Include="assets\paint.frag">
      <Filter>Shaders</Filter>
    </None>
    <None Include="assets\lighting.frag">
      <Filter>Shaders</Filter>
    </None>
    <None Include="assets\outline.frag">
      <Filter>Shaders</Filter>
    </None>
    <None Include="assets\editorPreview.frag">
      <Filter>Shaders</Filter>
    </None>
    <None Include="assets\bevel_normal.frag">
      <Filter>Shaders</Filter>
    </None>
    <None Include="assets\bevel_height.frag">
      <Filter>Shaders</Filter>
    </None>
    <None Include="assets\outline_depth.frag">
      <Filter>Shaders</Filter>
    </None>
  </ItemGroup>
</Project>